
Microsoft Visual Studio Solution File, Format Version 12.00
# Visual Studio 15
Project("{FAE04EC0-301F-11D3-BF4B-00C04F79EFBC}") = "Assembly-CSharp", "Assembly-CSharp.csproj", "{F145E0B9-039E-9F2C-134A-9ADEBC428243}"
EndProject
Project("{FAE04EC0-301F-11D3-BF4B-00C04F79EFBC}") = "Assembly-CSharp-Editor", "Assembly-CSharp-Editor.csproj", "{9A8BFF3E-086B-B913-5462-B5358CD51E95}"
EndProject
Global
	GlobalSection(SolutionConfigurationPlatforms) = preSolution
		Debug|Any CPU = Debug|Any CPU
		Release|Any CPU = Release|Any CPU
	EndGlobalSection
	GlobalSection(ProjectConfigurationPlatforms) = postSolution
		{F145E0B9-039E-9F2C-134A-9ADEBC428243}.Debug|Any CPU.ActiveCfg = Debug|Any CPU
		{F145E0B9-039E-9F2C-134A-9ADEBC428243}.Debug|Any CPU.Build.0 = Debug|Any CPU
		{F145E0B9-039E-9F2C-134A-9ADEBC428243}.Release|Any CPU.ActiveCfg = Release|Any CPU
		{F145E0B9-039E-9F2C-134A-9ADEBC428243}.Release|Any CPU.Build.0 = Release|Any CPU
		{9A8BFF3E-086B-B913-5462-B5358CD51E95}.Debug|Any CPU.ActiveCfg = Debug|Any CPU
		{9A8BFF3E-086B-B913-5462-B5358CD51E95}.Debug|Any CPU.Build.0 = Debug|Any CPU
		{9A8BFF3E-086B-B913-5462-B5358CD51E95}.Release|Any CPU.ActiveCfg = Release|Any CPU
		{9A8BFF3E-086B-B913-5462-B5358CD51E95}.Release|Any CPU.Build.0 = Release|Any CPU
	EndGlobalSection
	GlobalSection(SolutionProperties) = preSolution
		HideSolutionNode = FALSE
	EndGlobalSection
EndGlobal
